// !$*UTF8*$!
{
	archiveVersion = 1;
	classes = {
	};
	objectVersion = 48;
	objects = {

/* Begin PBXBuildFile section */
		904C482A20935CEE00A7CBD7 /* AppDelegate.swift in Sources */ = {isa = PBXBuildFile; fileRef = 904C482920935CEE00A7CBD7 /* AppDelegate.swift */; };
		904C482C20935CEE00A7CBD7 /* ViewController.swift in Sources */ = {isa = PBXBuildFile; fileRef = 904C482B20935CEE00A7CBD7 /* ViewController.swift */; };
		904C482F20935CEE00A7CBD7 /* Main.storyboard in Resources */ = {isa = PBXBuildFile; fileRef = 904C482D20935CEE00A7CBD7 /* Main.storyboard */; };
		904C483120935CEE00A7CBD7 /* Assets.xcassets in Resources */ = {isa = PBXBuildFile; fileRef = 904C483020935CEE00A7CBD7 /* Assets.xcassets */; };
		904C483420935CEE00A7CBD7 /* LaunchScreen.storyboard in Resources */ = {isa = PBXBuildFile; fileRef = 904C483220935CEE00A7CBD7 /* LaunchScreen.storyboard */; };
		904C483C20935F7700A7CBD7 /* PushButton.swift in Sources */ = {isa = PBXBuildFile; fileRef = 904C483B20935F7700A7CBD7 /* PushButton.swift */; };
/* End PBXBuildFile section */

/* Begin PBXFileReference section */
		904C482620935CEE00A7CBD7 /* Flo.W.app */ = {isa = PBXFileReference; explicitFileType = wrapper.application; includeInIndex = 0; path = Flo.W.app; sourceTree = BUILT_PRODUCTS_DIR; };
		904C482920935CEE00A7CBD7 /* AppDelegate.swift */ = {isa = PBXFileReference; lastKnownFileType = sourcecode.swift; path = AppDelegate.swift; sourceTree = "<group>"; };
		904C482B20935CEE00A7CBD7 /* ViewController.swift */ = {isa = PBXFileReference; lastKnownFileType = sourcecode.swift; path = ViewController.swift; sourceTree = "<group>"; };
		904C482E20935CEE00A7CBD7 /* Base */ = {isa = PBXFileReference; lastKnownFileType = file.storyboard; name = Base; path = Base.lproj/Main.storyboard; sourceTree = "<group>"; };
		904C483020935CEE00A7CBD7 /* Assets.xcassets */ = {isa = PBXFileReference; lastKnownFileType = folder.assetcatalog; path = Assets.xcassets; sourceTree = "<group>"; };
		904C483320935CEE00A7CBD7 /* Base */ = {isa = PBXFileReference; lastKnownFileType = file.storyboard; name = Base; path = Base.lproj/LaunchScreen.storyboard; sourceTree = "<group>"; };
		904C483520935CEE00A7CBD7 /* Info.plist */ = {isa = PBXFileReference; lastKnownFileType = text.plist.xml; path = Info.plist; sourceTree = "<group>"; };
		904C483B20935F7700A7CBD7 /* PushButton.swift */ = {isa = PBXFileReference; lastKnownFileType = sourcecode.swift; path = PushButton.swift; sourceTree = "<group>"; };
/* End PBXFileReference section */

/* Begin PBXFrameworksBuildPhase section */
		904C482320935CEE00A7CBD7 /* Frameworks */ = {
			isa = PBXFrameworksBuildPhase;
			buildActionMask = 2147483647;
			files = (
			);
			runOnlyForDeploymentPostprocessing = 0;
		};
/* End PBXFrameworksBuildPhase section */

/* Begin PBXGroup section */
		904C481D20935CEE00A7CBD7 = {
			isa = PBXGroup;
			children = (
				904C482820935CEE00A7CBD7 /* Flo.W */,
				904C482720935CEE00A7CBD7 /* Products */,
			);
			sourceTree = "<group>";
		};
		904C482720935CEE00A7CBD7 /* Products */ = {
			isa = PBXGroup;
			children = (
				904C482620935CEE00A7CBD7 /* Flo.W.app */,
			);
			name = Products;
			sourceTree = "<group>";
		};
		904C482820935CEE00A7CBD7 /* Flo.W */ = {
			isa = PBXGroup;
			children = (
				904C482920935CEE00A7CBD7 /* AppDelegate.swift */,
				904C482B20935CEE00A7CBD7 /* ViewController.swift */,
				904C483B20935F7700A7CBD7 /* PushButton.swift */,
				904C482D20935CEE00A7CBD7 /* Main.storyboard */,
				904C483020935CEE00A7CBD7 /* Assets.xcassets */,
				904C483220935CEE00A7CBD7 /* LaunchScreen.storyboard */,
				904C483520935CEE00A7CBD7 /* Info.plist */,
			);
			path = Flo.W;
			sourceTree = "<group>";
		};
/* End PBXGroup section */

/* Begin PBXNativeTarget section */
		904C482520935CEE00A7CBD7 /* Flo.W */ = {
			isa = PBXNativeTarget;
			buildConfigurationList = 904C483820935CEE00A7CBD7 /* Build configuration list for PBXNativeTarget "Flo.W" */;
			buildPhases = (
				904C482220935CEE00A7CBD7 /* Sources */,
				904C482320935CEE00A7CBD7 /* Frameworks */,
				904C482420935CEE00A7CBD7 /* Resources */,
			);
			buildRules = (
			);
			dependencies = (
			);
			name = Flo.W;
			productName = Flo.W;
			productReference = 904C482620935CEE00A7CBD7 /* Flo.W.app */;
			productType = "com.apple.product-type.application";
		};
/* End PBXNativeTarget section */

/* Begin PBXProject section */
		904C481E20935CEE00A7CBD7 /* Project object */ = {
			isa = PBXProject;
			attributes = {
				LastSwiftUpdateCheck = 0920;
				LastUpgradeCheck = 0920;
				ORGANIZATIONNAME = "Francis Jemuel Bergonia";
				TargetAttributes = {
					904C482520935CEE00A7CBD7 = {
						CreatedOnToolsVersion = 9.2;
						ProvisioningStyle = Automatic;
					};
				};
			};
			buildConfigurationList = 904C482120935CEE00A7CBD7 /* Build configuration list for PBXProject "Flo.W" */;
			compatibilityVersion = "Xcode 8.0";
			developmentRegion = en;
			hasScannedForEncodings = 0;
			knownRegions = (
				en,
				Base,
			);
			mainGroup = 904C481D20935CEE00A7CBD7;
			productRefGroup = 904C482720935CEE00A7CBD7 /* Products */;
			projectDirPath = "";
			projectRoot = "";
			targets = (
				904C482520935CEE00A7CBD7 /* Flo.W */,
			);
		};
/* End PBXProject section */

/* Begin PBXResourcesBuildPhase section */
		904C482420935CEE00A7CBD7 /* Resources */ = {
			isa = PBXResourcesBuildPhase;
			buildActionMask = 2147483647;
			files = (
				904C483420935CEE00A7CBD7 /* LaunchScreen.storyboard in Resources */,
				904C483120935CEE00A7CBD7 /* Assets.xcassets in Resources */,
				904C482F20935CEE00A7CBD7 /* Main.storyboard in Resources */,
			);
			runOnlyForDeploymentPostprocessing = 0;
		};
/* End PBXResourcesBuildPhase section */

/* Begin PBXSourcesBuildPhase section */
		904C482220935CEE00A7CBD7 /* Sources */ = {
			isa = PBXSourcesBuildPhase;
			buildActionMask = 2147483647;
			files = (
				904C482C20935CEE00A7CBD7 /* ViewController.swift in Sources */,
				904C482A20935CEE00A7CBD7 /* AppDelegate.swift in Sources */,
				904C483C20935F7700A7CBD7 /* PushButton.swift in Sources */,
			);
			runOnlyForDeploymentPostprocessing = 0;
		};
/* End PBXSourcesBuildPhase section */

/* Begin PBXVariantGroup section */
		904C482D20935CEE00A7CBD7 /* Main.storyboard */ = {
			isa = PBXVariantGroup;
			children = (
				904C482E20935CEE00A7CBD7 /* Base */,
			);
			name = Main.storyboard;
			sourceTree = "<group>";
		};
		904C483220935CEE00A7CBD7 /* LaunchScreen.storyboard */ = {
			isa = PBXVariantGroup;
			children = (
				904C483320935CEE00A7CBD7 /* Base */,
			);
			name = LaunchScreen.storyboard;
			sourceTree = "<group>";
		};
/* End PBXVariantGroup section */

/* Begin XCBuildConfiguration section */
		904C483620935CEE00A7CBD7 /* Debug */ = {
			isa = XCBuildConfiguration;
			buildSettings = {
				ALWAYS_SEARCH_USER_PATHS = NO;
				CLANG_ANALYZER_NONNULL = YES;
				CLANG_ANALYZER_NUMBER_OBJECT_CONVERSION = YES_AGGRESSIVE;
				CLANG_CXX_LANGUAGE_STANDARD = "gnu++14";
				CLANG_CXX_LIBRARY = "libc++";
				CLANG_ENABLE_MODULES = YES;
				CLANG_ENABLE_OBJC_ARC = YES;
				CLANG_WARN_BLOCK_CAPTURE_AUTORELEASING = YES;
				CLANG_WARN_BOOL_CONVERSION = YES;
				CLANG_WARN_COMMA = YES;
				CLANG_WARN_CONSTANT_CONVERSION = YES;
				CLANG_WARN_DIRECT_OBJC_ISA_USAGE = YES_ERROR;
				CLANG_WARN_DOCUMENTATION_COMMENTS = YES;
				CLANG_WARN_EMPTY_BODY = YES;
				CLANG_WARN_ENUM_CONVERSION = YES;
				CLANG_WARN_INFINITE_RECURSION = YES;
				CLANG_WARN_INT_CONVERSION = YES;
				CLANG_WARN_NON_LITERAL_NULL_CONVERSION = YES;
				CLANG_WARN_OBJC_LITERAL_CONVERSION = YES;
				CLANG_WARN_OBJC_ROOT_CLASS = YES_ERROR;
				CLANG_WARN_RANGE_LOOP_ANALYSIS = YES;
				CLANG_WARN_STRICT_PROTOTYPES = YES;
				CLANG_WARN_SUSPICIOUS_MOVE = YES;
				CLANG_WARN_UNGUARDED_AVAILABILITY = YES_AGGRESSIVE;
				CLANG_WARN_UNREACHABLE_CODE = YES;
				CLANG_WARN__DUPLICATE_METHOD_MATCH = YES;
				CODE_SIGN_IDENTITY = "iPhone Developer";
				COPY_PHASE_STRIP = NO;
				DEBUG_INFORMATION_FORMAT = dwarf;
				ENABLE_STRICT_OBJC_MSGSEND = YES;
				ENABLE_TESTABILITY = YES;
				GCC_C_LANGUAGE_STANDARD = gnu11;
				GCC_DYNAMIC_NO_PIC = NO;
				GCC_NO_COMMON_BLOCKS = YES;
				GCC_OPTIMIZATION_LEVEL = 0;
				GCC_PREPROCESSOR_DEFINITIONS = (
					"DEBUG=1",
					"$(inherited)",
				);
				GCC_WARN_64_TO_32_BIT_CONVERSION = YES;
				GCC_WARN_ABOUT_RETURN_TYPE = YES_ERROR;
				GCC_WARN_UNDECLARED_SELECTOR = YES;
				GCC_WARN_UNINITIALIZED_AUTOS = YES_AGGRESSIVE;
				GCC_WARN_UNUSED_FUNCTION = YES;
				GCC_WARN_UNUSED_VARIABLE = YES;
				IPHONEOS_DEPLOYMENT_TARGET = 11.2;
				MTL_ENABLE_DEBUG_INFO = YES;
				ONLY_ACTIVE_ARCH = YES;
				SDKROOT = iphoneos;
				SWIFT_ACTIVE_COMPILATION_CONDITIONS = DEBUG;
				SWIFT_OPTIMIZATION_LEVEL = "-Onone";
			};
			name = Debug;
		};
		904C483720935CEE00A7CBD7 /* Release */ = {
			isa = XCBuildConfiguration;
			buildSettings = {
				ALWAYS_SEARCH_USER_PATHS = NO;
				CLANG_ANALYZER_NONNULL = YES;
				CLANG_ANALYZER_NUMBER_OBJECT_CONVERSION = YES_AGGRESSIVE;
				CLANG_CXX_LANGUAGE_STANDARD = "gnu++14";
				CLANG_CXX_LIBRARY = "libc++";
				CLANG_ENABLE_MODULES = YES;
				CLANG_ENABLE_OBJC_ARC = YES;
				CLANG_WARN_BLOCK_CAPTURE_AUTORELEASING = YES;
				CLANG_WARN_BOOL_CONVERSION = YES;
				CLANG_WARN_COMMA = YES;
				CLANG_WARN_CONSTANT_CONVERSION = YES;
				CLANG_WARN_DIRECT_OBJC_ISA_USAGE = YES_ERROR;
				CLANG_WARN_DOCUMENTATION_COMMENTS = YES;
				CLANG_WARN_EMPTY_BODY = YES;
				CLANG_WARN_ENUM_CONVERSION = YES;
				CLANG_WARN_INFINITE_RECURSION = YES;
				CLANG_WARN_INT_CONVERSION = YES;
				CLANG_WARN_NON_LITERAL_NULL_CONVERSION = YES;
				CLANG_WARN_OBJC_LITERAL_CONVERSION = YES;
				CLANG_WARN_OBJC_ROOT_CLASS = YES_ERROR;
				CLANG_WARN_RANGE_LOOP_ANALYSIS = YES;
				CLANG_WARN_STRICT_PROTOTYPES = YES;
				CLANG_WARN_SUSPICIOUS_MOVE = YES;
				CLANG_WARN_UNGUARDED_AVAILABILITY = YES_AGGRESSIVE;
				CLANG_WARN_UNREACHABLE_CODE = YES;
				CLANG_WARN__DUPLICATE_METHOD_MATCH = YES;
				CODE_SIGN_IDENTITY = "iPhone Developer";
				COPY_PHASE_STRIP = NO;
				DEBUG_INFORMATION_FORMAT = "dwarf-with-dsym";
				ENABLE_NS_ASSERTIONS = NO;
				ENABLE_STRICT_OBJC_MSGSEND = YES;
				GCC_C_LANGUAGE_STANDARD = gnu11;
				GCC_NO_COMMON_BLOCKS = YES;
				GCC_WARN_64_TO_32_BIT_CONVERSION = YES;
				GCC_WARN_ABOUT_RETURN_TYPE = YES_ERROR;
				GCC_WARN_UNDECLARED_SELECTOR = YES;
				GCC_WARN_UNINITIALIZED_AUTOS = YES_AGGRESSIVE;
				GCC_WARN_UNUSED_FUNCTION = YES;
				GCC_WARN_UNUSED_VARIABLE = YES;
				IPHONEOS_DEPLOYMENT_TARGET = 11.2;
				MTL_ENABLE_DEBUG_INFO = NO;
				SDKROOT = iphoneos;
				SWIFT_OPTIMIZATION_LEVEL = "-Owholemodule";
				VALIDATE_PRODUCT = YES;
			};
			name = Release;
		};
		904C483920935CEE00A7CBD7 /* Debug */ = {
			isa = XCBuildConfiguration;
			buildSettings = {
				ASSETCATALOG_COMPILER_APPICON_NAME = AppIcon;
				CODE_SIGN_STYLE = Automatic;
				DEVELOPMENT_TEAM = Q3EJJ6M7CU;
				INFOPLIST_FILE = Flo.W/Info.plist;
				LD_RUNPATH_SEARCH_PATHS = "$(inherited) @executable_path/Frameworks";
				PRODUCT_BUNDLE_IDENTIFIER = "com.XiApps.Flo-W";
				PRODUCT_NAME = "$(TARGET_NAME)";
				SWIFT_VERSION = 4.0;
				TARGETED_DEVICE_FAMILY = "1,2";
			};
			name = Debug;
		};
		904C483A20935CEE00A7CBD7 /* Release */ = {
			isa = XCBuildConfiguration;
			buildSettings = {
				ASSETCATALOG_COMPILER_APPICON_NAME = AppIcon;
				CODE_SIGN_STYLE = Automatic;
				DEVELOPMENT_TEAM = Q3EJJ6M7CU;
				INFOPLIST_FILE = Flo.W/Info.plist;
				LD_RUNPATH_SEARCH_PATHS = "$(inherited) @executable_path/Frameworks";
				PRODUCT_BUNDLE_IDENTIFIER = "com.XiApps.Flo-W";
				PRODUCT_NAME = "$(TARGET_NAME)";
				SWIFT_VERSION = 4.0;
				TARGETED_DEVICE_FAMILY = "1,2";
			};
			name = Release;
		};
/* End XCBuildConfiguration section */

/* Begin XCConfigurationList section */
		904C482120935CEE00A7CBD7 /* Build configuration list for PBXProject "Flo.W" */ = {
			isa = XCConfigurationList;
			buildConfigurations = (
				904C483620935CEE00A7CBD7 /* Debug */,
				904C483720935CEE00A7CBD7 /* Release */,
			);
			defaultConfigurationIsVisible = 0;
			defaultConfigurationName = Release;
		};
		904C483820935CEE00A7CBD7 /* Build configuration list for PBXNativeTarget "Flo.W" */ = {
			isa = XCConfigurationList;
			buildConfigurations = (
				904C483920935CEE00A7CBD7 /* Debug */,
				904C483A20935CEE00A7CBD7 /* Release */,
			);
			defaultConfigurationIsVisible = 0;
			defaultConfigurationName = Release;
		};
/* End XCConfigurationList section */
	};
	rootObject = 904C481E20935CEE00A7CBD7 /* Project object */;
}
